// !$*UTF8*$!
{
	archiveVersion = 1;
	classes = {
	};
	objectVersion = 46;
	objects = {

/* Begin PBXBuildFile section */
		551EDE67158652BF00C6C82B /* NewsDetailViewController.m in Sources */ = {isa = PBXBuildFile; fileRef = 551EDE65158652BF00C6C82B /* NewsDetailViewController.m */; };
		551EDE68158652BF00C6C82B /* NewsDetailViewController.xib in Resources */ = {isa = PBXBuildFile; fileRef = 551EDE66158652BF00C6C82B /* NewsDetailViewController.xib */; };
		554B046015877A8200126007 /* blognoneNav.png in Resources */ = {isa = PBXBuildFile; fileRef = 554B045F15877A8200126007 /* blognoneNav.png */; };
		554B046315877C5B00126007 /* QuartzCore.framework in Frameworks */ = {isa = PBXBuildFile; fileRef = 554B046215877C5B00126007 /* QuartzCore.framework */; };
		554F85631586303F006B224B /* UIKit.framework in Frameworks */ = {isa = PBXBuildFile; fileRef = 554F85621586303F006B224B /* UIKit.framework */; };
		554F85651586303F006B224B /* Foundation.framework in Frameworks */ = {isa = PBXBuildFile; fileRef = 554F85641586303F006B224B /* Foundation.framework */; };
		554F85671586303F006B224B /* CoreGraphics.framework in Frameworks */ = {isa = PBXBuildFile; fileRef = 554F85661586303F006B224B /* CoreGraphics.framework */; };
		554F856D1586303F006B224B /* InfoPlist.strings in Resources */ = {isa = PBXBuildFile; fileRef = 554F856B1586303F006B224B /* InfoPlist.strings */; };
		554F856F1586303F006B224B /* main.m in Sources */ = {isa = PBXBuildFile; fileRef = 554F856E1586303F006B224B /* main.m */; };
		554F85731586303F006B224B /* PlayXMLDictionaryAppDelegate.m in Sources */ = {isa = PBXBuildFile; fileRef = 554F85721586303F006B224B /* PlayXMLDictionaryAppDelegate.m */; };
		554F85761586303F006B224B /* PlayXMLDictionaryViewController.m in Sources */ = {isa = PBXBuildFile; fileRef = 554F85751586303F006B224B /* PlayXMLDictionaryViewController.m */; };
		554F85791586303F006B224B /* PlayXMLDictionaryViewController.xib in Resources */ = {isa = PBXBuildFile; fileRef = 554F85771586303F006B224B /* PlayXMLDictionaryViewController.xib */; };
		554F858F1586345D006B224B /* BlognoneServices.m in Sources */ = {isa = PBXBuildFile; fileRef = 554F858E1586345D006B224B /* BlognoneServices.m */; };
		554F859615864502006B224B /* LICENCE.md in Resources */ = {isa = PBXBuildFile; fileRef = 554F859115864502006B224B /* LICENCE.md */; };
		554F859715864502006B224B /* README.md in Resources */ = {isa = PBXBuildFile; fileRef = 554F859215864502006B224B /* README.md */; };
		554F859815864502006B224B /* RELEASE NOTES.md in Resources */ = {isa = PBXBuildFile; fileRef = 554F859315864502006B224B /* RELEASE NOTES.md */; };
		554F859915864502006B224B /* XMLDictionary.m in Sources */ = {isa = PBXBuildFile; fileRef = 554F859515864502006B224B /* XMLDictionary.m */; settings = {COMPILER_FLAGS = "-fno-objc-arc"; }; };
/* End PBXBuildFile section */

/* Begin PBXFileReference section */
		551EDE64158652BF00C6C82B /* NewsDetailViewController.h */ = {isa = PBXFileReference; fileEncoding = 4; lastKnownFileType = sourcecode.c.h; path = NewsDetailViewController.h; sourceTree = "<group>"; };
		551EDE65158652BF00C6C82B /* NewsDetailViewController.m */ = {isa = PBXFileReference; fileEncoding = 4; lastKnownFileType = sourcecode.c.objc; path = NewsDetailViewController.m; sourceTree = "<group>"; };
		551EDE66158652BF00C6C82B /* NewsDetailViewController.xib */ = {isa = PBXFileReference; fileEncoding = 4; lastKnownFileType = file.xib; path = NewsDetailViewController.xib; sourceTree = "<group>"; };
		554B045F15877A8200126007 /* blognoneNav.png */ = {isa = PBXFileReference; lastKnownFileType = image.png; path = blognoneNav.png; sourceTree = "<group>"; };
		554B046215877C5B00126007 /* QuartzCore.framework */ = {isa = PBXFileReference; lastKnownFileType = wrapper.framework; name = QuartzCore.framework; path = System/Library/Frameworks/QuartzCore.framework; sourceTree = SDKROOT; };
		554F855E1586303F006B224B /* PlayXMLDictionary.app */ = {isa = PBXFileReference; explicitFileType = wrapper.application; includeInIndex = 0; path = PlayXMLDictionary.app; sourceTree = BUILT_PRODUCTS_DIR; };
		554F85621586303F006B224B /* UIKit.framework */ = {isa = PBXFileReference; lastKnownFileType = wrapper.framework; name = UIKit.framework; path = System/Library/Frameworks/UIKit.framework; sourceTree = SDKROOT; };
		554F85641586303F006B224B /* Foundation.framework */ = {isa = PBXFileReference; lastKnownFileType = wrapper.framework; name = Foundation.framework; path = System/Library/Frameworks/Foundation.framework; sourceTree = SDKROOT; };
		554F85661586303F006B224B /* CoreGraphics.framework */ = {isa = PBXFileReference; lastKnownFileType = wrapper.framework; name = CoreGraphics.framework; path = System/Library/Frameworks/CoreGraphics.framework; sourceTree = SDKROOT; };
		554F856A1586303F006B224B /* PlayXMLDictionary-Info.plist */ = {isa = PBXFileReference; lastKnownFileType = text.plist.xml; path = "PlayXMLDictionary-Info.plist"; sourceTree = "<group>"; };
		554F856C1586303F006B224B /* en */ = {isa = PBXFileReference; lastKnownFileType = text.plist.strings; name = en; path = en.lproj/InfoPlist.strings; sourceTree = "<group>"; };
		554F856E1586303F006B224B /* main.m */ = {isa = PBXFileReference; lastKnownFileType = sourcecode.c.objc; path = main.m; sourceTree = "<group>"; };
		554F85701586303F006B224B /* PlayXMLDictionary-Prefix.pch */ = {isa = PBXFileReference; lastKnownFileType = sourcecode.c.h; path = "PlayXMLDictionary-Prefix.pch"; sourceTree = "<group>"; };
		554F85711586303F006B224B /* PlayXMLDictionaryAppDelegate.h */ = {isa = PBXFileReference; lastKnownFileType = sourcecode.c.h; path = PlayXMLDictionaryAppDelegate.h; sourceTree = "<group>"; };
		554F85721586303F006B224B /* PlayXMLDictionaryAppDelegate.m */ = {isa = PBXFileReference; lastKnownFileType = sourcecode.c.objc; path = PlayXMLDictionaryAppDelegate.m; sourceTree = "<group>"; };
		554F85741586303F006B224B /* PlayXMLDictionaryViewController.h */ = {isa = PBXFileReference; lastKnownFileType = sourcecode.c.h; path = PlayXMLDictionaryViewController.h; sourceTree = "<group>"; };
		554F85751586303F006B224B /* PlayXMLDictionaryViewController.m */ = {isa = PBXFileReference; lastKnownFileType = sourcecode.c.objc; path = PlayXMLDictionaryViewController.m; sourceTree = "<group>"; };
		554F85781586303F006B224B /* en */ = {isa = PBXFileReference; lastKnownFileType = file.xib; name = en; path = en.lproj/PlayXMLDictionaryViewController.xib; sourceTree = "<group>"; };
		554F858D1586345D006B224B /* BlognoneServices.h */ = {isa = PBXFileReference; fileEncoding = 4; lastKnownFileType = sourcecode.c.h; path = BlognoneServices.h; sourceTree = "<group>"; };
		554F858E1586345D006B224B /* BlognoneServices.m */ = {isa = PBXFileReference; fileEncoding = 4; lastKnownFileType = sourcecode.c.objc; path = BlognoneServices.m; sourceTree = "<group>"; };
		554F859115864502006B224B /* LICENCE.md */ = {isa = PBXFileReference; fileEncoding = 4; lastKnownFileType = text; path = LICENCE.md; sourceTree = "<group>"; };
		554F859215864502006B224B /* README.md */ = {isa = PBXFileReference; fileEncoding = 4; lastKnownFileType = text; path = README.md; sourceTree = "<group>"; };
		554F859315864502006B224B /* RELEASE NOTES.md */ = {isa = PBXFileReference; fileEncoding = 4; lastKnownFileType = text; path = "RELEASE NOTES.md"; sourceTree = "<group>"; };
		554F859415864502006B224B /* XMLDictionary.h */ = {isa = PBXFileReference; fileEncoding = 4; lastKnownFileType = sourcecode.c.h; path = XMLDictionary.h; sourceTree = "<group>"; };
		554F859515864502006B224B /* XMLDictionary.m */ = {isa = PBXFileReference; fileEncoding = 4; lastKnownFileType = sourcecode.c.objc; path = XMLDictionary.m; sourceTree = "<group>"; };
/* End PBXFileReference section */

/* Begin PBXFrameworksBuildPhase section */
		554F855B1586303F006B224B /* Frameworks */ = {
			isa = PBXFrameworksBuildPhase;
			buildActionMask = 2147483647;
			files = (
				554B046315877C5B00126007 /* QuartzCore.framework in Frameworks */,
				554F85631586303F006B224B /* UIKit.framework in Frameworks */,
				554F85651586303F006B224B /* Foundation.framework in Frameworks */,
				554F85671586303F006B224B /* CoreGraphics.framework in Frameworks */,
			);
			runOnlyForDeploymentPostprocessing = 0;
		};
/* End PBXFrameworksBuildPhase section */

/* Begin PBXGroup section */
		554F85531586303D006B224B = {
			isa = PBXGroup;
			children = (
				554F859015864502006B224B /* XMLDictionary */,
				554F85681586303F006B224B /* PlayXMLDictionary */,
				554F85611586303F006B224B /* Frameworks */,
				554F855F1586303F006B224B /* Products */,
			);
			sourceTree = "<group>";
		};
		554F855F1586303F006B224B /* Products */ = {
			isa = PBXGroup;
			children = (
				554F855E1586303F006B224B /* PlayXMLDictionary.app */,
			);
			name = Products;
			sourceTree = "<group>";
		};
		554F85611586303F006B224B /* Frameworks */ = {
			isa = PBXGroup;
			children = (
				554B046215877C5B00126007 /* QuartzCore.framework */,
				554F85621586303F006B224B /* UIKit.framework */,
				554F85641586303F006B224B /* Foundation.framework */,
				554F85661586303F006B224B /* CoreGraphics.framework */,
			);
			name = Frameworks;
			sourceTree = "<group>";
		};
		554F85681586303F006B224B /* PlayXMLDictionary */ = {
			isa = PBXGroup;
			children = (
				554F85711586303F006B224B /* PlayXMLDictionaryAppDelegate.h */,
				554F85721586303F006B224B /* PlayXMLDictionaryAppDelegate.m */,
				554F85741586303F006B224B /* PlayXMLDictionaryViewController.h */,
				554F85751586303F006B224B /* PlayXMLDictionaryViewController.m */,
				554F858D1586345D006B224B /* BlognoneServices.h */,
				554F858E1586345D006B224B /* BlognoneServices.m */,
				551EDE64158652BF00C6C82B /* NewsDetailViewController.h */,
				551EDE65158652BF00C6C82B /* NewsDetailViewController.m */,
				551EDE66158652BF00C6C82B /* NewsDetailViewController.xib */,
				554F85771586303F006B224B /* PlayXMLDictionaryViewController.xib */,
				554F85691586303F006B224B /* Supporting Files */,
			);
			path = PlayXMLDictionary;
			sourceTree = "<group>";
		};
		554F85691586303F006B224B /* Supporting Files */ = {
			isa = PBXGroup;
			children = (
				554B045F15877A8200126007 /* blognoneNav.png */,
				554F856A1586303F006B224B /* PlayXMLDictionary-Info.plist */,
				554F856B1586303F006B224B /* InfoPlist.strings */,
				554F856E1586303F006B224B /* main.m */,
				554F85701586303F006B224B /* PlayXMLDictionary-Prefix.pch */,
			);
			name = "Supporting Files";
			sourceTree = "<group>";
		};
		554F859015864502006B224B /* XMLDictionary */ = {
			isa = PBXGroup;
			children = (
				554F859115864502006B224B /* LICENCE.md */,
				554F859215864502006B224B /* README.md */,
				554F859315864502006B224B /* RELEASE NOTES.md */,
				554F859415864502006B224B /* XMLDictionary.h */,
				554F859515864502006B224B /* XMLDictionary.m */,
			);
			path = XMLDictionary;
			sourceTree = "<group>";
		};
/* End PBXGroup section */

/* Begin PBXNativeTarget section */
		554F855D1586303F006B224B /* PlayXMLDictionary */ = {
			isa = PBXNativeTarget;
			buildConfigurationList = 554F857C1586303F006B224B /* Build configuration list for PBXNativeTarget "PlayXMLDictionary" */;
			buildPhases = (
				554F855A1586303F006B224B /* Sources */,
				554F855B1586303F006B224B /* Frameworks */,
				554F855C1586303F006B224B /* Resources */,
			);
			buildRules = (
			);
			dependencies = (
			);
			name = PlayXMLDictionary;
			productName = PlayXMLDictionary;
			productReference = 554F855E1586303F006B224B /* PlayXMLDictionary.app */;
			productType = "com.apple.product-type.application";
		};
/* End PBXNativeTarget section */

/* Begin PBXProject section */
		554F85551586303E006B224B /* Project object */ = {
			isa = PBXProject;
			attributes = {
				CLASSPREFIX = PlayXMLDictionary;
				LastUpgradeCheck = 0430;
			};
			buildConfigurationList = 554F85581586303E006B224B /* Build configuration list for PBXProject "PlayXMLDictionary" */;
			compatibilityVersion = "Xcode 3.2";
			developmentRegion = English;
			hasScannedForEncodings = 0;
			knownRegions = (
				en,
			);
			mainGroup = 554F85531586303D006B224B;
			productRefGroup = 554F855F1586303F006B224B /* Products */;
			projectDirPath = "";
			projectRoot = "";
			targets = (
				554F855D1586303F006B224B /* PlayXMLDictionary */,
			);
		};
/* End PBXProject section */

/* Begin PBXResourcesBuildPhase section */
		554F855C1586303F006B224B /* Resources */ = {
			isa = PBXResourcesBuildPhase;
			buildActionMask = 2147483647;
			files = (
				554F856D1586303F006B224B /* InfoPlist.strings in Resources */,
				554F85791586303F006B224B /* PlayXMLDictionaryViewController.xib in Resources */,
				554F859615864502006B224B /* LICENCE.md in Resources */,
				554F859715864502006B224B /* README.md in Resources */,
				554F859815864502006B224B /* RELEASE NOTES.md in Resources */,
				551EDE68158652BF00C6C82B /* NewsDetailViewController.xib in Resources */,
				554B046015877A8200126007 /* blognoneNav.png in Resources */,
			);
			runOnlyForDeploymentPostprocessing = 0;
		};
/* End PBXResourcesBuildPhase section */

/* Begin PBXSourcesBuildPhase section */
		554F855A1586303F006B224B /* Sources */ = {
			isa = PBXSourcesBuildPhase;
			buildActionMask = 2147483647;
			files = (
				554F856F1586303F006B224B /* main.m in Sources */,
				554F85731586303F006B224B /* PlayXMLDictionaryAppDelegate.m in Sources */,
				554F85761586303F006B224B /* PlayXMLDictionaryViewController.m in Sources */,
				554F858F1586345D006B224B /* BlognoneServices.m in Sources */,
				554F859915864502006B224B /* XMLDictionary.m in Sources */,
				551EDE67158652BF00C6C82B /* NewsDetailViewController.m in Sources */,
			);
			runOnlyForDeploymentPostprocessing = 0;
		};
/* End PBXSourcesBuildPhase section */

/* Begin PBXVariantGroup section */
		554F856B1586303F006B224B /* InfoPlist.strings */ = {
			isa = PBXVariantGroup;
			children = (
				554F856C1586303F006B224B /* en */,
			);
			name = InfoPlist.strings;
			sourceTree = "<group>";
		};
		554F85771586303F006B224B /* PlayXMLDictionaryViewController.xib */ = {
			isa = PBXVariantGroup;
			children = (
				554F85781586303F006B224B /* en */,
			);
			name = PlayXMLDictionaryViewController.xib;
			sourceTree = "<group>";
		};
/* End PBXVariantGroup section */

/* Begin XCBuildConfiguration section */
		554F857A1586303F006B224B /* Debug */ = {
			isa = XCBuildConfiguration;
			buildSettings = {
				ALWAYS_SEARCH_USER_PATHS = NO;
				ARCHS = "$(ARCHS_STANDARD_32_BIT)";
				CLANG_ENABLE_OBJC_ARC = YES;
				"CODE_SIGN_IDENTITY[sdk=iphoneos*]" = "iPhone Developer";
				COPY_PHASE_STRIP = NO;
				GCC_C_LANGUAGE_STANDARD = gnu99;
				GCC_DYNAMIC_NO_PIC = NO;
				GCC_OPTIMIZATION_LEVEL = 0;
				GCC_PREPROCESSOR_DEFINITIONS = (
					"DEBUG=1",
					"$(inherited)",
				);
				GCC_SYMBOLS_PRIVATE_EXTERN = NO;
				GCC_VERSION = com.apple.compilers.llvm.clang.1_0;
				GCC_WARN_ABOUT_RETURN_TYPE = YES;
				GCC_WARN_UNINITIALIZED_AUTOS = YES;
				GCC_WARN_UNUSED_VARIABLE = YES;
				IPHONEOS_DEPLOYMENT_TARGET = 5.1;
				SDKROOT = iphoneos;
			};
			name = Debug;
		};
		554F857B1586303F006B224B /* Release */ = {
			isa = XCBuildConfiguration;
			buildSettings = {
				ALWAYS_SEARCH_USER_PATHS = NO;
				ARCHS = "$(ARCHS_STANDARD_32_BIT)";
				CLANG_ENABLE_OBJC_ARC = YES;
				"CODE_SIGN_IDENTITY[sdk=iphoneos*]" = "iPhone Developer";
				COPY_PHASE_STRIP = YES;
				GCC_C_LANGUAGE_STANDARD = gnu99;
				GCC_VERSION = com.apple.compilers.llvm.clang.1_0;
				GCC_WARN_ABOUT_RETURN_TYPE = YES;
				GCC_WARN_UNINITIALIZED_AUTOS = YES;
				GCC_WARN_UNUSED_VARIABLE = YES;
				IPHONEOS_DEPLOYMENT_TARGET = 5.1;
				OTHER_CFLAGS = "-DNS_BLOCK_ASSERTIONS=1";
				SDKROOT = iphoneos;
				VALIDATE_PRODUCT = YES;
			};
			name = Release;
		};
		554F857D1586303F006B224B /* Debug */ = {
			isa = XCBuildConfiguration;
			buildSettings = {
				GCC_PRECOMPILE_PREFIX_HEADER = YES;
				GCC_PREFIX_HEADER = "PlayXMLDictionary/PlayXMLDictionary-Prefix.pch";
				INFOPLIST_FILE = "PlayXMLDictionary/PlayXMLDictionary-Info.plist";
				PRODUCT_NAME = "$(TARGET_NAME)";
				WRAPPER_EXTENSION = app;
			};
			name = Debug;
		};
		554F857E1586303F006B224B /* Release */ = {
			isa = XCBuildConfiguration;
			buildSettings = {
				GCC_PRECOMPILE_PREFIX_HEADER = YES;
				GCC_PREFIX_HEADER = "PlayXMLDictionary/PlayXMLDictionary-Prefix.pch";
				INFOPLIST_FILE = "PlayXMLDictionary/PlayXMLDictionary-Info.plist";
				PRODUCT_NAME = "$(TARGET_NAME)";
				WRAPPER_EXTENSION = app;
			};
			name = Release;
		};
/* End XCBuildConfiguration section */

/* Begin XCConfigurationList section */
		554F85581586303E006B224B /* Build configuration list for PBXProject "PlayXMLDictionary" */ = {
			isa = XCConfigurationList;
			buildConfigurations = (
				554F857A1586303F006B224B /* Debug */,
				554F857B1586303F006B224B /* Release */,
			);
			defaultConfigurationIsVisible = 0;
			defaultConfigurationName = Release;
		};
		554F857C1586303F006B224B /* Build configuration list for PBXNativeTarget "PlayXMLDictionary" */ = {
			isa = XCConfigurationList;
			buildConfigurations = (
				554F857D1586303F006B224B /* Debug */,
				554F857E1586303F006B224B /* Release */,
			);
			defaultConfigurationIsVisible = 0;
			defaultConfigurationName = Release;
		};
/* End XCConfigurationList section */
	};
	rootObject = 554F85551586303E006B224B /* Project object */;
}
